
Microsoft Visual Studio Solution File, Format Version 12.00
# Visual Studio Version 16
VisualStudioVersion = 16.0.31624.102
MinimumVisualStudioVersion = 10.0.40219.1
Project("{9A19103F-16F7-4668-BE54-9A1E7A4F7556}") = "Server", "Server\Server.csproj", "{F6B98873-8203-4C52-86C6-9A201DDC4F15}"
EndProject
Project("{9A19103F-16F7-4668-BE54-9A1E7A4F7556}") = "Shared", "Shared\Shared.csproj", "{EA86198C-49D0-46D4-8BDE-E31ABFAB6477}"
EndProject
Project("{9A19103F-16F7-4668-BE54-9A1E7A4F7556}") = "Client", "Client\Client.csproj", "{7F545DCE-4CF4-4970-B94C-27A9AE567EC3}"
EndProject
Global
	GlobalSection(SolutionConfigurationPlatforms) = preSolution
		Debug|Any CPU = Debug|Any CPU
		Release|Any CPU = Release|Any CPU
	EndGlobalSection
	GlobalSection(ProjectConfigurationPlatforms) = postSolution
		{F6B98873-8203-4C52-86C6-9A201DDC4F15}.Debug|Any CPU.ActiveCfg = Debug|Any CPU
		{F6B98873-8203-4C52-86C6-9A201DDC4F15}.Debug|Any CPU.Build.0 = Debug|Any CPU
		{F6B98873-8203-4C52-86C6-9A201DDC4F15}.Release|Any CPU.ActiveCfg = Release|Any CPU
		{F6B98873-8203-4C52-86C6-9A201DDC4F15}.Release|Any CPU.Build.0 = Release|Any CPU
		{EA86198C-49D0-46D4-8BDE-E31ABFAB6477}.Debug|Any CPU.ActiveCfg = Debug|Any CPU
		{EA86198C-49D0-46D4-8BDE-E31ABFAB6477}.Debug|Any CPU.Build.0 = Debug|Any CPU
		{EA86198C-49D0-46D4-8BDE-E31ABFAB6477}.Release|Any CPU.ActiveCfg = Release|Any CPU
		{EA86198C-49D0-46D4-8BDE-E31ABFAB6477}.Release|Any CPU.Build.0 = Release|Any CPU
		{7F545DCE-4CF4-4970-B94C-27A9AE567EC3}.Debug|Any CPU.ActiveCfg = Debug|Any CPU
		{7F545DCE-4CF4-4970-B94C-27A9AE567EC3}.Debug|Any CPU.Build.0 = Debug|Any CPU
		{7F545DCE-4CF4-4970-B94C-27A9AE567EC3}.Release|Any CPU.ActiveCfg = Release|Any CPU
		{7F545DCE-4CF4-4970-B94C-27A9AE567EC3}.Release|Any CPU.Build.0 = Release|Any CPU
	EndGlobalSection
	GlobalSection(SolutionProperties) = preSolution
		HideSolutionNode = FALSE
	EndGlobalSection
	GlobalSection(ExtensibilityGlobals) = postSolution
		SolutionGuid = {4EC1DA03-E903-4368-9516-790153A1FF3F}
	EndGlobalSection
EndGlobal
